// !$*UTF8*$!
{
	archiveVersion = 1;
	classes = {
	};
	objectVersion = 46;
	objects = {

/* Begin PBXBuildFile section */
		ACD0E79F1B150C7600CD7BC6 /* AppDelegate.swift in Sources */ = {isa = PBXBuildFile; fileRef = ACD0E79E1B150C7600CD7BC6 /* AppDelegate.swift */; };
		ACD0E7A11B150C7600CD7BC6 /* RecordAudioViewController.swift in Sources */ = {isa = PBXBuildFile; fileRef = ACD0E7A01B150C7600CD7BC6 /* RecordAudioViewController.swift */; };
		ACD0E7A41B150C7600CD7BC6 /* Main.storyboard in Resources */ = {isa = PBXBuildFile; fileRef = ACD0E7A21B150C7600CD7BC6 /* Main.storyboard */; };
		ACD0E7A61B150C7600CD7BC6 /* Images.xcassets in Resources */ = {isa = PBXBuildFile; fileRef = ACD0E7A51B150C7600CD7BC6 /* Images.xcassets */; };
		ACD0E7A91B150C7600CD7BC6 /* LaunchScreen.xib in Resources */ = {isa = PBXBuildFile; fileRef = ACD0E7A71B150C7600CD7BC6 /* LaunchScreen.xib */; };
		ACD0E7B51B150C7600CD7BC6 /* Udacity_Pitch_PerfectTests.swift in Sources */ = {isa = PBXBuildFile; fileRef = ACD0E7B41B150C7600CD7BC6 /* Udacity_Pitch_PerfectTests.swift */; };
		ACD0E7C11B1511A100CD7BC6 /* PlayAudioViewController.swift in Sources */ = {isa = PBXBuildFile; fileRef = ACD0E7C01B1511A100CD7BC6 /* PlayAudioViewController.swift */; };
		ACD0E7C31B15153B00CD7BC6 /* RecordedAudio.swift in Sources */ = {isa = PBXBuildFile; fileRef = ACD0E7C21B15153B00CD7BC6 /* RecordedAudio.swift */; };
/* End PBXBuildFile section */

/* Begin PBXContainerItemProxy section */
		ACD0E7AF1B150C7600CD7BC6 /* PBXContainerItemProxy */ = {
			isa = PBXContainerItemProxy;
			containerPortal = ACD0E7911B150C7600CD7BC6 /* Project object */;
			proxyType = 1;
			remoteGlobalIDString = ACD0E7981B150C7600CD7BC6;
			remoteInfo = "Udacity Pitch Perfect";
		};
/* End PBXContainerItemProxy section */

/* Begin PBXFileReference section */
		ACD0E7991B150C7600CD7BC6 /* Udacity Pitch Perfect.app */ = {isa = PBXFileReference; explicitFileType = wrapper.application; includeInIndex = 0; path = "Udacity Pitch Perfect.app"; sourceTree = BUILT_PRODUCTS_DIR; };
		ACD0E79D1B150C7600CD7BC6 /* Info.plist */ = {isa = PBXFileReference; lastKnownFileType = text.plist.xml; path = Info.plist; sourceTree = "<group>"; };
		ACD0E79E1B150C7600CD7BC6 /* AppDelegate.swift */ = {isa = PBXFileReference; lastKnownFileType = sourcecode.swift; path = AppDelegate.swift; sourceTree = "<group>"; };
		ACD0E7A01B150C7600CD7BC6 /* RecordAudioViewController.swift */ = {isa = PBXFileReference; lastKnownFileType = sourcecode.swift; path = RecordAudioViewController.swift; sourceTree = "<group>"; };
		ACD0E7A31B150C7600CD7BC6 /* Base */ = {isa = PBXFileReference; lastKnownFileType = file.storyboard; name = Base; path = Base.lproj/Main.storyboard; sourceTree = "<group>"; };
		ACD0E7A51B150C7600CD7BC6 /* Images.xcassets */ = {isa = PBXFileReference; lastKnownFileType = folder.assetcatalog; path = Images.xcassets; sourceTree = "<group>"; };
		ACD0E7A81B150C7600CD7BC6 /* Base */ = {isa = PBXFileReference; lastKnownFileType = file.xib; name = Base; path = Base.lproj/LaunchScreen.xib; sourceTree = "<group>"; };
		ACD0E7AE1B150C7600CD7BC6 /* Udacity Pitch PerfectTests.xctest */ = {isa = PBXFileReference; explicitFileType = wrapper.cfbundle; includeInIndex = 0; path = "Udacity Pitch PerfectTests.xctest"; sourceTree = BUILT_PRODUCTS_DIR; };
		ACD0E7B31B150C7600CD7BC6 /* Info.plist */ = {isa = PBXFileReference; lastKnownFileType = text.plist.xml; path = Info.plist; sourceTree = "<group>"; };
		ACD0E7B41B150C7600CD7BC6 /* Udacity_Pitch_PerfectTests.swift */ = {isa = PBXFileReference; lastKnownFileType = sourcecode.swift; path = Udacity_Pitch_PerfectTests.swift; sourceTree = "<group>"; };
		ACD0E7C01B1511A100CD7BC6 /* PlayAudioViewController.swift */ = {isa = PBXFileReference; fileEncoding = 4; lastKnownFileType = sourcecode.swift; path = PlayAudioViewController.swift; sourceTree = "<group>"; };
		ACD0E7C21B15153B00CD7BC6 /* RecordedAudio.swift */ = {isa = PBXFileReference; fileEncoding = 4; lastKnownFileType = sourcecode.swift; path = RecordedAudio.swift; sourceTree = "<group>"; };
/* End PBXFileReference section */

/* Begin PBXFrameworksBuildPhase section */
		ACD0E7961B150C7600CD7BC6 /* Frameworks */ = {
			isa = PBXFrameworksBuildPhase;
			buildActionMask = 2147483647;
			files = (
			);
			runOnlyForDeploymentPostprocessing = 0;
		};
		ACD0E7AB1B150C7600CD7BC6 /* Frameworks */ = {
			isa = PBXFrameworksBuildPhase;
			buildActionMask = 2147483647;
			files = (
			);
			runOnlyForDeploymentPostprocessing = 0;
		};
/* End PBXFrameworksBuildPhase section */

/* Begin PBXGroup section */
		ACD0E7901B150C7600CD7BC6 = {
			isa = PBXGroup;
			children = (
				ACD0E79B1B150C7600CD7BC6 /* Udacity Pitch Perfect */,
				ACD0E7B11B150C7600CD7BC6 /* Udacity Pitch PerfectTests */,
				ACD0E79A1B150C7600CD7BC6 /* Products */,
			);
			sourceTree = "<group>";
		};
		ACD0E79A1B150C7600CD7BC6 /* Products */ = {
			isa = PBXGroup;
			children = (
				ACD0E7991B150C7600CD7BC6 /* Udacity Pitch Perfect.app */,
				ACD0E7AE1B150C7600CD7BC6 /* Udacity Pitch PerfectTests.xctest */,
			);
			name = Products;
			sourceTree = "<group>";
		};
		ACD0E79B1B150C7600CD7BC6 /* Udacity Pitch Perfect */ = {
			isa = PBXGroup;
			children = (
				ACD0E79E1B150C7600CD7BC6 /* AppDelegate.swift */,
				ACD0E7A01B150C7600CD7BC6 /* RecordAudioViewController.swift */,
				ACD0E7C01B1511A100CD7BC6 /* PlayAudioViewController.swift */,
				ACD0E7A21B150C7600CD7BC6 /* Main.storyboard */,
				ACD0E7C21B15153B00CD7BC6 /* RecordedAudio.swift */,
				ACD0E7A51B150C7600CD7BC6 /* Images.xcassets */,
				ACD0E7A71B150C7600CD7BC6 /* LaunchScreen.xib */,
				ACD0E79C1B150C7600CD7BC6 /* Supporting Files */,
			);
			path = "Udacity Pitch Perfect";
			sourceTree = "<group>";
		};
		ACD0E79C1B150C7600CD7BC6 /* Supporting Files */ = {
			isa = PBXGroup;
			children = (
				ACD0E79D1B150C7600CD7BC6 /* Info.plist */,
			);
			name = "Supporting Files";
			sourceTree = "<group>";
		};
		ACD0E7B11B150C7600CD7BC6 /* Udacity Pitch PerfectTests */ = {
			isa = PBXGroup;
			children = (
				ACD0E7B41B150C7600CD7BC6 /* Udacity_Pitch_PerfectTests.swift */,
				ACD0E7B21B150C7600CD7BC6 /* Supporting Files */,
			);
			path = "Udacity Pitch PerfectTests";
			sourceTree = "<group>";
		};
		ACD0E7B21B150C7600CD7BC6 /* Supporting Files */ = {
			isa = PBXGroup;
			children = (
				ACD0E7B31B150C7600CD7BC6 /* Info.plist */,
			);
			name = "Supporting Files";
			sourceTree = "<group>";
		};
/* End PBXGroup section */

/* Begin PBXNativeTarget section */
		ACD0E7981B150C7600CD7BC6 /* Udacity Pitch Perfect */ = {
			isa = PBXNativeTarget;
			buildConfigurationList = ACD0E7B81B150C7600CD7BC6 /* Build configuration list for PBXNativeTarget "Udacity Pitch Perfect" */;
			buildPhases = (
				ACD0E7951B150C7600CD7BC6 /* Sources */,
				ACD0E7961B150C7600CD7BC6 /* Frameworks */,
				ACD0E7971B150C7600CD7BC6 /* Resources */,
			);
			buildRules = (
			);
			dependencies = (
			);
			name = "Udacity Pitch Perfect";
			productName = "Udacity Pitch Perfect";
			productReference = ACD0E7991B150C7600CD7BC6 /* Udacity Pitch Perfect.app */;
			productType = "com.apple.product-type.application";
		};
		ACD0E7AD1B150C7600CD7BC6 /* Udacity Pitch PerfectTests */ = {
			isa = PBXNativeTarget;
			buildConfigurationList = ACD0E7BB1B150C7600CD7BC6 /* Build configuration list for PBXNativeTarget "Udacity Pitch PerfectTests" */;
			buildPhases = (
				ACD0E7AA1B150C7600CD7BC6 /* Sources */,
				ACD0E7AB1B150C7600CD7BC6 /* Frameworks */,
				ACD0E7AC1B150C7600CD7BC6 /* Resources */,
			);
			buildRules = (
			);
			dependencies = (
				ACD0E7B01B150C7600CD7BC6 /* PBXTargetDependency */,
			);
			name = "Udacity Pitch PerfectTests";
			productName = "Udacity Pitch PerfectTests";
			productReference = ACD0E7AE1B150C7600CD7BC6 /* Udacity Pitch PerfectTests.xctest */;
			productType = "com.apple.product-type.bundle.unit-test";
		};
/* End PBXNativeTarget section */

/* Begin PBXProject section */
		ACD0E7911B150C7600CD7BC6 /* Project object */ = {
			isa = PBXProject;
			attributes = {
				LastUpgradeCheck = 0610;
				ORGANIZATIONNAME = "AT&T";
				TargetAttributes = {
					ACD0E7981B150C7600CD7BC6 = {
						CreatedOnToolsVersion = 6.1.1;
						DevelopmentTeam = 38CK9FDEKF;
					};
					ACD0E7AD1B150C7600CD7BC6 = {
						CreatedOnToolsVersion = 6.1.1;
						TestTargetID = ACD0E7981B150C7600CD7BC6;
					};
				};
			};
			buildConfigurationList = ACD0E7941B150C7600CD7BC6 /* Build configuration list for PBXProject "Udacity Pitch Perfect" */;
			compatibilityVersion = "Xcode 3.2";
			developmentRegion = English;
			hasScannedForEncodings = 0;
			knownRegions = (
				en,
				Base,
			);
			mainGroup = ACD0E7901B150C7600CD7BC6;
			productRefGroup = ACD0E79A1B150C7600CD7BC6 /* Products */;
			projectDirPath = "";
			projectRoot = "";
			targets = (
				ACD0E7981B150C7600CD7BC6 /* Udacity Pitch Perfect */,
				ACD0E7AD1B150C7600CD7BC6 /* Udacity Pitch PerfectTests */,
			);
		};
/* End PBXProject section */

/* Begin PBXResourcesBuildPhase section */
		ACD0E7971B150C7600CD7BC6 /* Resources */ = {
			isa = PBXResourcesBuildPhase;
			buildActionMask = 2147483647;
			files = (
				ACD0E7A41B150C7600CD7BC6 /* Main.storyboard in Resources */,
				ACD0E7A91B150C7600CD7BC6 /* LaunchScreen.xib in Resources */,
				ACD0E7A61B150C7600CD7BC6 /* Images.xcassets in Resources */,
			);
			runOnlyForDeploymentPostprocessing = 0;
		};
		ACD0E7AC1B150C7600CD7BC6 /* Resources */ = {
			isa = PBXResourcesBuildPhase;
			buildActionMask = 2147483647;
			files = (
			);
			runOnlyForDeploymentPostprocessing = 0;
		};
/* End PBXResourcesBuildPhase section */

/* Begin PBXSourcesBuildPhase section */
		ACD0E7951B150C7600CD7BC6 /* Sources */ = {
			isa = PBXSourcesBuildPhase;
			buildActionMask = 2147483647;
			files = (
				ACD0E7C31B15153B00CD7BC6 /* RecordedAudio.swift in Sources */,
				ACD0E7A11B150C7600CD7BC6 /* RecordAudioViewController.swift in Sources */,
				ACD0E79F1B150C7600CD7BC6 /* AppDelegate.swift in Sources */,
				ACD0E7C11B1511A100CD7BC6 /* PlayAudioViewController.swift in Sources */,
			);
			runOnlyForDeploymentPostprocessing = 0;
		};
		ACD0E7AA1B150C7600CD7BC6 /* Sources */ = {
			isa = PBXSourcesBuildPhase;
			buildActionMask = 2147483647;
			files = (
				ACD0E7B51B150C7600CD7BC6 /* Udacity_Pitch_PerfectTests.swift in Sources */,
			);
			runOnlyForDeploymentPostprocessing = 0;
		};
/* End PBXSourcesBuildPhase section */

/* Begin PBXTargetDependency section */
		ACD0E7B01B150C7600CD7BC6 /* PBXTargetDependency */ = {
			isa = PBXTargetDependency;
			target = ACD0E7981B150C7600CD7BC6 /* Udacity Pitch Perfect */;
			targetProxy = ACD0E7AF1B150C7600CD7BC6 /* PBXContainerItemProxy */;
		};
/* End PBXTargetDependency section */

/* Begin PBXVariantGroup section */
		ACD0E7A21B150C7600CD7BC6 /* Main.storyboard */ = {
			isa = PBXVariantGroup;
			children = (
				ACD0E7A31B150C7600CD7BC6 /* Base */,
			);
			name = Main.storyboard;
			sourceTree = "<group>";
		};
		ACD0E7A71B150C7600CD7BC6 /* LaunchScreen.xib */ = {
			isa = PBXVariantGroup;
			children = (
				ACD0E7A81B150C7600CD7BC6 /* Base */,
			);
			name = LaunchScreen.xib;
			sourceTree = "<group>";
		};
/* End PBXVariantGroup section */

/* Begin XCBuildConfiguration section */
		ACD0E7B61B150C7600CD7BC6 /* Debug */ = {
			isa = XCBuildConfiguration;
			buildSettings = {
				ALWAYS_SEARCH_USER_PATHS = NO;
				CLANG_CXX_LANGUAGE_STANDARD = "gnu++0x";
				CLANG_CXX_LIBRARY = "libc++";
				CLANG_ENABLE_MODULES = YES;
				CLANG_ENABLE_OBJC_ARC = YES;
				CLANG_WARN_BOOL_CONVERSION = YES;
				CLANG_WARN_CONSTANT_CONVERSION = YES;
				CLANG_WARN_DIRECT_OBJC_ISA_USAGE = YES_ERROR;
				CLANG_WARN_EMPTY_BODY = YES;
				CLANG_WARN_ENUM_CONVERSION = YES;
				CLANG_WARN_INT_CONVERSION = YES;
				CLANG_WARN_OBJC_ROOT_CLASS = YES_ERROR;
				CLANG_WARN_UNREACHABLE_CODE = YES;
				CLANG_WARN__DUPLICATE_METHOD_MATCH = YES;
				"CODE_SIGN_IDENTITY[sdk=iphoneos*]" = "iPhone Developer";
				COPY_PHASE_STRIP = NO;
				ENABLE_STRICT_OBJC_MSGSEND = YES;
				GCC_C_LANGUAGE_STANDARD = gnu99;
				GCC_DYNAMIC_NO_PIC = NO;
				GCC_OPTIMIZATION_LEVEL = 0;
				GCC_PREPROCESSOR_DEFINITIONS = (
					"DEBUG=1",
					"$(inherited)",
				);
				GCC_SYMBOLS_PRIVATE_EXTERN = NO;
				GCC_WARN_64_TO_32_BIT_CONVERSION = YES;
				GCC_WARN_ABOUT_RETURN_TYPE = YES_ERROR;
				GCC_WARN_UNDECLARED_SELECTOR = YES;
				GCC_WARN_UNINITIALIZED_AUTOS = YES_AGGRESSIVE;
				GCC_WARN_UNUSED_FUNCTION = YES;
				GCC_WARN_UNUSED_VARIABLE = YES;
				IPHONEOS_DEPLOYMENT_TARGET = 8.1;
				MTL_ENABLE_DEBUG_INFO = YES;
				ONLY_ACTIVE_ARCH = YES;
				SDKROOT = iphoneos;
				SWIFT_OPTIMIZATION_LEVEL = "-Onone";
			};
			name = Debug;
		};
		ACD0E7B71B150C7600CD7BC6 /* Release */ = {
			isa = XCBuildConfiguration;
			buildSettings = {
				ALWAYS_SEARCH_USER_PATHS = NO;
				CLANG_CXX_LANGUAGE_STANDARD = "gnu++0x";
				CLANG_CXX_LIBRARY = "libc++";
				CLANG_ENABLE_MODULES = YES;
				CLANG_ENABLE_OBJC_ARC = YES;
				CLANG_WARN_BOOL_CONVERSION = YES;
				CLANG_WARN_CONSTANT_CONVERSION = YES;
				CLANG_WARN_DIRECT_OBJC_ISA_USAGE = YES_ERROR;
				CLANG_WARN_EMPTY_BODY = YES;
				CLANG_WARN_ENUM_CONVERSION = YES;
				CLANG_WARN_INT_CONVERSION = YES;
				CLANG_WARN_OBJC_ROOT_CLASS = YES_ERROR;
				CLANG_WARN_UNREACHABLE_CODE = YES;
				CLANG_WARN__DUPLICATE_METHOD_MATCH = YES;
				"CODE_SIGN_IDENTITY[sdk=iphoneos*]" = "iPhone Developer";
				COPY_PHASE_STRIP = YES;
				ENABLE_NS_ASSERTIONS = NO;
				ENABLE_STRICT_OBJC_MSGSEND = YES;
				GCC_C_LANGUAGE_STANDARD = gnu99;
				GCC_WARN_64_TO_32_BIT_CONVERSION = YES;
				GCC_WARN_ABOUT_RETURN_TYPE = YES_ERROR;
				GCC_WARN_UNDECLARED_SELECTOR = YES;
				GCC_WARN_UNINITIALIZED_AUTOS = YES_AGGRESSIVE;
				GCC_WARN_UNUSED_FUNCTION = YES;
				GCC_WARN_UNUSED_VARIABLE = YES;
				IPHONEOS_DEPLOYMENT_TARGET = 8.1;
				MTL_ENABLE_DEBUG_INFO = NO;
				SDKROOT = iphoneos;
				VALIDATE_PRODUCT = YES;
			};
			name = Release;
		};
		ACD0E7B91B150C7600CD7BC6 /* Debug */ = {
			isa = XCBuildConfiguration;
			buildSettings = {
				ASSETCATALOG_COMPILER_APPICON_NAME = AppIcon;
				CODE_SIGN_IDENTITY = "iPhone Developer";
				"CODE_SIGN_IDENTITY[sdk=iphoneos*]" = "iPhone Developer";
				INFOPLIST_FILE = "Udacity Pitch Perfect/Info.plist";
				IPHONEOS_DEPLOYMENT_TARGET = 8.1;
				LD_RUNPATH_SEARCH_PATHS = "$(inherited) @executable_path/Frameworks";
				PRODUCT_NAME = "$(TARGET_NAME)";
				PROVISIONING_PROFILE = "";
			};
			name = Debug;
		};
		ACD0E7BA1B150C7600CD7BC6 /* Release */ = {
			isa = XCBuildConfiguration;
			buildSettings = {
				ASSETCATALOG_COMPILER_APPICON_NAME = AppIcon;
				CODE_SIGN_IDENTITY = "iPhone Developer";
				"CODE_SIGN_IDENTITY[sdk=iphoneos*]" = "iPhone Developer";
				INFOPLIST_FILE = "Udacity Pitch Perfect/Info.plist";
				IPHONEOS_DEPLOYMENT_TARGET = 8.1;
				LD_RUNPATH_SEARCH_PATHS = "$(inherited) @executable_path/Frameworks";
				PRODUCT_NAME = "$(TARGET_NAME)";
				PROVISIONING_PROFILE = "";
			};
			name = Release;
		};
		ACD0E7BC1B150C7600CD7BC6 /* Debug */ = {
			isa = XCBuildConfiguration;
			buildSettings = {
				BUNDLE_LOADER = "$(TEST_HOST)";
				FRAMEWORK_SEARCH_PATHS = (
					"$(SDKROOT)/Developer/Library/Frameworks",
					"$(inherited)",
				);
				GCC_PREPROCESSOR_DEFINITIONS = (
					"DEBUG=1",
					"$(inherited)",
				);
				INFOPLIST_FILE = "Udacity Pitch PerfectTests/Info.plist";
				LD_RUNPATH_SEARCH_PATHS = "$(inherited) @executable_path/Frameworks @loader_path/Frameworks";
				PRODUCT_NAME = "$(TARGET_NAME)";
				TEST_HOST = "$(BUILT_PRODUCTS_DIR)/Udacity Pitch Perfect.app/Udacity Pitch Perfect";
			};
			name = Debug;
		};
		ACD0E7BD1B150C7600CD7BC6 /* Release */ = {
			isa = XCBuildConfiguration;
			buildSettings = {
				BUNDLE_LOADER = "$(TEST_HOST)";
				FRAMEWORK_SEARCH_PATHS = (
					"$(SDKROOT)/Developer/Library/Frameworks",
					"$(inherited)",
				);
				INFOPLIST_FILE = "Udacity Pitch PerfectTests/Info.plist";
				LD_RUNPATH_SEARCH_PATHS = "$(inherited) @executable_path/Frameworks @loader_path/Frameworks";
				PRODUCT_NAME = "$(TARGET_NAME)";
				TEST_HOST = "$(BUILT_PRODUCTS_DIR)/Udacity Pitch Perfect.app/Udacity Pitch Perfect";
			};
			name = Release;
		};
/* End XCBuildConfiguration section */

/* Begin XCConfigurationList section */
		ACD0E7941B150C7600CD7BC6 /* Build configuration list for PBXProject "Udacity Pitch Perfect" */ = {
			isa = XCConfigurationList;
			buildConfigurations = (
				ACD0E7B61B150C7600CD7BC6 /* Debug */,
				ACD0E7B71B150C7600CD7BC6 /* Release */,
			);
			defaultConfigurationIsVisible = 0;
			defaultConfigurationName = Release;
		};
		ACD0E7B81B150C7600CD7BC6 /* Build configuration list for PBXNativeTarget "Udacity Pitch Perfect" */ = {
			isa = XCConfigurationList;
			buildConfigurations = (
				ACD0E7B91B150C7600CD7BC6 /* Debug */,
				ACD0E7BA1B150C7600CD7BC6 /* Release */,
			);
			defaultConfigurationIsVisible = 0;
			defaultConfigurationName = Release;
		};
		ACD0E7BB1B150C7600CD7BC6 /* Build configuration list for PBXNativeTarget "Udacity Pitch PerfectTests" */ = {
			isa = XCConfigurationList;
			buildConfigurations = (
				ACD0E7BC1B150C7600CD7BC6 /* Debug */,
				ACD0E7BD1B150C7600CD7BC6 /* Release */,
			);
			defaultConfigurationIsVisible = 0;
			defaultConfigurationName = Release;
		};
/* End XCConfigurationList section */
	};
	rootObject = ACD0E7911B150C7600CD7BC6 /* Project object */;
}
